
Microsoft Visual Studio Solution File, Format Version 12.00
# Visual Studio Version 17
VisualStudioVersion = 17.4.33110.190
MinimumVisualStudioVersion = 10.0.40219.1
Project("{FAE04EC0-301F-11D3-BF4B-00C04F79EFBC}") = "Fields", "Fields.csproj", "{F4C89F60-0F04-4B4D-9449-725FFA91FFBD}"
EndProject
Global
	GlobalSection(SolutionConfigurationPlatforms) = preSolution
		Debug|Any CPU = Debug|Any CPU
		Release|Any CPU = Release|Any CPU
	EndGlobalSection
	GlobalSection(ProjectConfigurationPlatforms) = postSolution
		{F4C89F60-0F04-4B4D-9449-725FFA91FFBD}.Debug|Any CPU.ActiveCfg = Debug|Any CPU
		{F4C89F60-0F04-4B4D-9449-725FFA91FFBD}.Debug|Any CPU.Build.0 = Debug|Any CPU
		{F4C89F60-0F04-4B4D-9449-725FFA91FFBD}.Release|Any CPU.ActiveCfg = Release|Any CPU
		{F4C89F60-0F04-4B4D-9449-725FFA91FFBD}.Release|Any CPU.Build.0 = Release|Any CPU
	EndGlobalSection
	GlobalSection(SolutionProperties) = preSolution
		HideSolutionNode = FALSE
	EndGlobalSection
	GlobalSection(ExtensibilityGlobals) = postSolution
		SolutionGuid = {11745541-3CB5-43C1-A49B-2CA4C5BAFD2E}
	EndGlobalSection
EndGlobal
